{
  "name": "jsep-plugin-issue",
  "version": "0.0.1",
  "lockfileVersion": 2,
  "requires": true,
  "packages": {
    "": {
      "name": "jsep-plugin-issue",
      "version": "0.0.1",
      "dependencies": {
        "@jsep-plugin/assignment": "^1.2.0",
        "@jsep-plugin/comment": "^1.0.2",
        "jsep": "^1.3.6"
      },
      "devDependencies": {
        "typescript": "^4.7.4"
      }
    },
    "node_modules/@jsep-plugin/assignment": {
      "version": "1.2.0",
      "resolved": "https://registry.npmjs.org/@jsep-plugin/assignment/-/assignment-1.2.0.tgz",
      "integrity": "sha512-pLG8mQVq5bBmmUATcoQtrsd8fzorJn+7/avC+xrVBt4LJhf3IJQ3oekOJgeM/UABu2OdAqTMez2jfHwhzvbT0w==",
      "engines": {
        "node": ">= 10.16.0"
      },
      "peerDependencies": {
        "jsep": "^0.4.0||^1.0.0"
      }
    },
    "node_modules/@jsep-plugin/comment": {
      "version": "1.0.2",
      "resolved": "https://registry.npmjs.org/@jsep-plugin/comment/-/comment-1.0.2.tgz",
      "integrity": "sha512-NAtcaRrAphuzHM+QLZ4yRiVFB5tVjW49o5CHrfRY+JZu0j6fRdOGXIUkajKwv28hPTbRbE/HoectfSyPGKCcOw==",
      "engines": {
        "node": ">= 10.16.0"
      },
      "peerDependencies": {
        "jsep": "^0.4.0||^1.0.0"
      }
    },
    "node_modules/jsep": {
      "version": "1.3.6",
      "resolved": "https://registry.npmjs.org/jsep/-/jsep-1.3.6.tgz",
      "integrity": "sha512-o7fP1eZVROIChADx7HKiwGRVI0tUqgUUGhaok6DP7cMxpDeparuooREDBDeNk2G5KIB49MBSkRYsCOu4PmZ+1w==",
      "engines": {
        "node": ">= 10.16.0"
      }
    },
    "node_modules/typescript": {
      "version": "4.7.4",
      "resolved": "https://registry.npmjs.org/typescript/-/typescript-4.7.4.tgz",
      "integrity": "sha512-C0WQT0gezHuw6AdY1M2jxUO83Rjf0HP7Sk1DtXj6j1EwkQNZrHAg2XPWlq62oqEhYvONq5pkC2Y9oPljWToLmQ==",
      "dev": true,
      "bin": {
        "tsc": "bin/tsc",
        "tsserver": "bin/tsserver"
      },
      "engines": {
        "node": ">=4.2.0"
      }
    }
  },
  "dependencies": {
    "@jsep-plugin/assignment": {
      "version": "1.2.0",
      "resolved": "https://registry.npmjs.org/@jsep-plugin/assignment/-/assignment-1.2.0.tgz",
      "integrity": "sha512-pLG8mQVq5bBmmUATcoQtrsd8fzorJn+7/avC+xrVBt4LJhf3IJQ3oekOJgeM/UABu2OdAqTMez2jfHwhzvbT0w==",
      "requires": {}
    },
    "@jsep-plugin/comment": {
      "version": "1.0.2",
      "resolved": "https://registry.npmjs.org/@jsep-plugin/comment/-/comment-1.0.2.tgz",
      "integrity": "sha512-NAtcaRrAphuzHM+QLZ4yRiVFB5tVjW49o5CHrfRY+JZu0j6fRdOGXIUkajKwv28hPTbRbE/HoectfSyPGKCcOw==",
      "requires": {}
    },
    "jsep": {
      "version": "1.3.6",
      "resolved": "https://registry.npmjs.org/jsep/-/jsep-1.3.6.tgz",
      "integrity": "sha512-o7fP1eZVROIChADx7HKiwGRVI0tUqgUUGhaok6DP7cMxpDeparuooREDBDeNk2G5KIB49MBSkRYsCOu4PmZ+1w=="
    },
    "typescript": {
      "version": "4.7.4",
      "resolved": "https://registry.npmjs.org/typescript/-/typescript-4.7.4.tgz",
      "integrity": "sha512-C0WQT0gezHuw6AdY1M2jxUO83Rjf0HP7Sk1DtXj6j1EwkQNZrHAg2XPWlq62oqEhYvONq5pkC2Y9oPljWToLmQ==",
      "dev": true
    }
  }
}
